
Microsoft Visual Studio Solution File, Format Version 12.00
# Visual Studio Version 17
VisualStudioVersion = 17.11.35222.181
MinimumVisualStudioVersion = 10.0.40219.1
Project("{9A19103F-16F7-4668-BE54-9A1E7A4F7556}") = "BooksWebApi", "BooksWebApi\BooksWebApi.csproj", "{7D703454-106D-4901-A268-5C1A21AE6BE2}"
EndProject
Project("{9A19103F-16F7-4668-BE54-9A1E7A4F7556}") = "BooksWebApi.Core.Application", "BooksWebApi.Core.Application\BooksWebApi.Core.Application.csproj", "{3490B6C8-DDBD-4937-ADFB-112ADC8D7022}"
EndProject
Project("{9A19103F-16F7-4668-BE54-9A1E7A4F7556}") = "BooksWebApi.Infrastructure.Persistence", "Books.WebApi.Infrastructure.Persistence\BooksWebApi.Infrastructure.Persistence.csproj", "{09D717FA-090C-47FF-BA5A-B7ECE1F6AD11}"
EndProject
Project("{FAE04EC0-301F-11D3-BF4B-00C04F79EFBC}") = "BooksWebApi.Core.Domain", "Domain\BooksWebApi.Core.Domain.csproj", "{9BF839A1-03C2-483C-8636-7C26D748B601}"
EndProject
Global
	GlobalSection(SolutionConfigurationPlatforms) = preSolution
		Debug|Any CPU = Debug|Any CPU
		Release|Any CPU = Release|Any CPU
	EndGlobalSection
	GlobalSection(ProjectConfigurationPlatforms) = postSolution
		{7D703454-106D-4901-A268-5C1A21AE6BE2}.Debug|Any CPU.ActiveCfg = Debug|Any CPU
		{7D703454-106D-4901-A268-5C1A21AE6BE2}.Debug|Any CPU.Build.0 = Debug|Any CPU
		{7D703454-106D-4901-A268-5C1A21AE6BE2}.Release|Any CPU.ActiveCfg = Release|Any CPU
		{7D703454-106D-4901-A268-5C1A21AE6BE2}.Release|Any CPU.Build.0 = Release|Any CPU
		{3490B6C8-DDBD-4937-ADFB-112ADC8D7022}.Debug|Any CPU.ActiveCfg = Debug|Any CPU
		{3490B6C8-DDBD-4937-ADFB-112ADC8D7022}.Debug|Any CPU.Build.0 = Debug|Any CPU
		{3490B6C8-DDBD-4937-ADFB-112ADC8D7022}.Release|Any CPU.ActiveCfg = Release|Any CPU
		{3490B6C8-DDBD-4937-ADFB-112ADC8D7022}.Release|Any CPU.Build.0 = Release|Any CPU
		{09D717FA-090C-47FF-BA5A-B7ECE1F6AD11}.Debug|Any CPU.ActiveCfg = Debug|Any CPU
		{09D717FA-090C-47FF-BA5A-B7ECE1F6AD11}.Debug|Any CPU.Build.0 = Debug|Any CPU
		{09D717FA-090C-47FF-BA5A-B7ECE1F6AD11}.Release|Any CPU.ActiveCfg = Release|Any CPU
		{09D717FA-090C-47FF-BA5A-B7ECE1F6AD11}.Release|Any CPU.Build.0 = Release|Any CPU
		{9BF839A1-03C2-483C-8636-7C26D748B601}.Debug|Any CPU.ActiveCfg = Debug|Any CPU
		{9BF839A1-03C2-483C-8636-7C26D748B601}.Debug|Any CPU.Build.0 = Debug|Any CPU
		{9BF839A1-03C2-483C-8636-7C26D748B601}.Release|Any CPU.ActiveCfg = Release|Any CPU
		{9BF839A1-03C2-483C-8636-7C26D748B601}.Release|Any CPU.Build.0 = Release|Any CPU
	EndGlobalSection
	GlobalSection(SolutionProperties) = preSolution
		HideSolutionNode = FALSE
	EndGlobalSection
	GlobalSection(ExtensibilityGlobals) = postSolution
		SolutionGuid = {94907709-1A44-41E3-BE43-25F95261045C}
	EndGlobalSection
EndGlobal
